// !$*UTF8*$!
{
	archiveVersion = 1;
	classes = {
	};
	objectVersion = 46;
	objects = {

/* Begin PBXBuildFile section */
		8ABD92D81E800A94001A5988 /* AppDelegate.swift in Sources */ = {isa = PBXBuildFile; fileRef = 8ABD92D71E800A94001A5988 /* AppDelegate.swift */; };
		8ABD92DD1E800A94001A5988 /* Main.storyboard in Resources */ = {isa = PBXBuildFile; fileRef = 8ABD92DB1E800A94001A5988 /* Main.storyboard */; };
		8ABD92DF1E800A94001A5988 /* Assets.xcassets in Resources */ = {isa = PBXBuildFile; fileRef = 8ABD92DE1E800A94001A5988 /* Assets.xcassets */; };
		8ABD92E21E800A94001A5988 /* LaunchScreen.storyboard in Resources */ = {isa = PBXBuildFile; fileRef = 8ABD92E01E800A94001A5988 /* LaunchScreen.storyboard */; };
		8AD3B0531E928564006F2B68 /* RecipeCategory.swift in Sources */ = {isa = PBXBuildFile; fileRef = 8AD3B0521E928564006F2B68 /* RecipeCategory.swift */; };
		8AD3B0551E9287EC006F2B68 /* RecipeCategoryCell.swift in Sources */ = {isa = PBXBuildFile; fileRef = 8AD3B0541E9287EC006F2B68 /* RecipeCategoryCell.swift */; };
		8AFD5AAD1E93D7880052E715 /* DashboardController.swift in Sources */ = {isa = PBXBuildFile; fileRef = 8AFD5AAC1E93D7880052E715 /* DashboardController.swift */; };
		E86DB52E1E8D4A5300EAA362 /* MainPageController.swift in Sources */ = {isa = PBXBuildFile; fileRef = E86DB52D1E8D4A5300EAA362 /* MainPageController.swift */; };
		E8D2A95A1E895D7100DA943A /* RecipeWorld.xcdatamodeld in Sources */ = {isa = PBXBuildFile; fileRef = E8D2A9581E895D7100DA943A /* RecipeWorld.xcdatamodeld */; };
/* End PBXBuildFile section */

/* Begin PBXFileReference section */
		8ABD92D41E800A94001A5988 /* recipeworld.app */ = {isa = PBXFileReference; explicitFileType = wrapper.application; includeInIndex = 0; path = recipeworld.app; sourceTree = BUILT_PRODUCTS_DIR; };
		8ABD92D71E800A94001A5988 /* AppDelegate.swift */ = {isa = PBXFileReference; lastKnownFileType = sourcecode.swift; path = AppDelegate.swift; sourceTree = "<group>"; };
		8ABD92DC1E800A94001A5988 /* Base */ = {isa = PBXFileReference; lastKnownFileType = file.storyboard; name = Base; path = Base.lproj/Main.storyboard; sourceTree = "<group>"; };
		8ABD92DE1E800A94001A5988 /* Assets.xcassets */ = {isa = PBXFileReference; lastKnownFileType = folder.assetcatalog; path = Assets.xcassets; sourceTree = "<group>"; };
		8ABD92E11E800A94001A5988 /* Base */ = {isa = PBXFileReference; lastKnownFileType = file.storyboard; name = Base; path = Base.lproj/LaunchScreen.storyboard; sourceTree = "<group>"; };
		8ABD92E31E800A94001A5988 /* Info.plist */ = {isa = PBXFileReference; lastKnownFileType = text.plist.xml; path = Info.plist; sourceTree = "<group>"; };
		8AD3B0521E928564006F2B68 /* RecipeCategory.swift */ = {isa = PBXFileReference; fileEncoding = 4; lastKnownFileType = sourcecode.swift; path = RecipeCategory.swift; sourceTree = "<group>"; };
		8AD3B0541E9287EC006F2B68 /* RecipeCategoryCell.swift */ = {isa = PBXFileReference; fileEncoding = 4; lastKnownFileType = sourcecode.swift; path = RecipeCategoryCell.swift; sourceTree = "<group>"; };
		8AFD5AAC1E93D7880052E715 /* DashboardController.swift */ = {isa = PBXFileReference; fileEncoding = 4; lastKnownFileType = sourcecode.swift; path = DashboardController.swift; sourceTree = "<group>"; };
		E86DB52D1E8D4A5300EAA362 /* MainPageController.swift */ = {isa = PBXFileReference; fileEncoding = 4; lastKnownFileType = sourcecode.swift; path = MainPageController.swift; sourceTree = "<group>"; };
		E8D2A9591E895D7100DA943A /* RecipeWorld.xcdatamodel */ = {isa = PBXFileReference; lastKnownFileType = wrapper.xcdatamodel; path = RecipeWorld.xcdatamodel; sourceTree = "<group>"; };
/* End PBXFileReference section */

/* Begin PBXFrameworksBuildPhase section */
		8ABD92D11E800A94001A5988 /* Frameworks */ = {
			isa = PBXFrameworksBuildPhase;
			buildActionMask = 2147483647;
			files = (
			);
			runOnlyForDeploymentPostprocessing = 0;
		};
/* End PBXFrameworksBuildPhase section */

/* Begin PBXGroup section */
		8ABD92CB1E800A93001A5988 = {
			isa = PBXGroup;
			children = (
				8ABD92D61E800A94001A5988 /* recipeworld */,
				8ABD92D51E800A94001A5988 /* Products */,
			);
			sourceTree = "<group>";
		};
		8ABD92D51E800A94001A5988 /* Products */ = {
			isa = PBXGroup;
			children = (
				8ABD92D41E800A94001A5988 /* recipeworld.app */,
			);
			name = Products;
			sourceTree = "<group>";
		};
		8ABD92D61E800A94001A5988 /* recipeworld */ = {
			isa = PBXGroup;
			children = (
				8ABD92D71E800A94001A5988 /* AppDelegate.swift */,
				E86DB52D1E8D4A5300EAA362 /* MainPageController.swift */,
				8ABD92DB1E800A94001A5988 /* Main.storyboard */,
				8ABD92DE1E800A94001A5988 /* Assets.xcassets */,
				8ABD92E01E800A94001A5988 /* LaunchScreen.storyboard */,
				8ABD92E31E800A94001A5988 /* Info.plist */,
				E8D2A9581E895D7100DA943A /* RecipeWorld.xcdatamodeld */,
				8AD3B0521E928564006F2B68 /* RecipeCategory.swift */,
				8AD3B0541E9287EC006F2B68 /* RecipeCategoryCell.swift */,
				8AFD5AAC1E93D7880052E715 /* DashboardController.swift */,
			);
			path = recipeworld;
			sourceTree = "<group>";
		};
/* End PBXGroup section */

/* Begin PBXNativeTarget section */
		8ABD92D31E800A94001A5988 /* recipeworld */ = {
			isa = PBXNativeTarget;
			buildConfigurationList = 8ABD92E61E800A94001A5988 /* Build configuration list for PBXNativeTarget "recipeworld" */;
			buildPhases = (
				8ABD92D01E800A94001A5988 /* Sources */,
				8ABD92D11E800A94001A5988 /* Frameworks */,
				8ABD92D21E800A94001A5988 /* Resources */,
			);
			buildRules = (
			);
			dependencies = (
			);
			name = recipeworld;
			productName = recipeworld;
			productReference = 8ABD92D41E800A94001A5988 /* recipeworld.app */;
			productType = "com.apple.product-type.application";
		};
/* End PBXNativeTarget section */

/* Begin PBXProject section */
		8ABD92CC1E800A94001A5988 /* Project object */ = {
			isa = PBXProject;
			attributes = {
				LastSwiftUpdateCheck = 0820;
				LastUpgradeCheck = 0820;
				ORGANIZATIONNAME = it565purple;
				TargetAttributes = {
					8ABD92D31E800A94001A5988 = {
						CreatedOnToolsVersion = 8.2.1;
						ProvisioningStyle = Automatic;
					};
				};
			};
			buildConfigurationList = 8ABD92CF1E800A94001A5988 /* Build configuration list for PBXProject "recipeworld" */;
			compatibilityVersion = "Xcode 3.2";
			developmentRegion = English;
			hasScannedForEncodings = 0;
			knownRegions = (
				en,
				Base,
			);
			mainGroup = 8ABD92CB1E800A93001A5988;
			productRefGroup = 8ABD92D51E800A94001A5988 /* Products */;
			projectDirPath = "";
			projectRoot = "";
			targets = (
				8ABD92D31E800A94001A5988 /* recipeworld */,
			);
		};
/* End PBXProject section */

/* Begin PBXResourcesBuildPhase section */
		8ABD92D21E800A94001A5988 /* Resources */ = {
			isa = PBXResourcesBuildPhase;
			buildActionMask = 2147483647;
			files = (
				8ABD92E21E800A94001A5988 /* LaunchScreen.storyboard in Resources */,
				8ABD92DF1E800A94001A5988 /* Assets.xcassets in Resources */,
				8ABD92DD1E800A94001A5988 /* Main.storyboard in Resources */,
			);
			runOnlyForDeploymentPostprocessing = 0;
		};
/* End PBXResourcesBuildPhase section */

/* Begin PBXSourcesBuildPhase section */
		8ABD92D01E800A94001A5988 /* Sources */ = {
			isa = PBXSourcesBuildPhase;
			buildActionMask = 2147483647;
			files = (
				E8D2A95A1E895D7100DA943A /* RecipeWorld.xcdatamodeld in Sources */,
				8AD3B0551E9287EC006F2B68 /* RecipeCategoryCell.swift in Sources */,
				8AD3B0531E928564006F2B68 /* RecipeCategory.swift in Sources */,
				E86DB52E1E8D4A5300EAA362 /* MainPageController.swift in Sources */,
				8AFD5AAD1E93D7880052E715 /* DashboardController.swift in Sources */,
				8ABD92D81E800A94001A5988 /* AppDelegate.swift in Sources */,
			);
			runOnlyForDeploymentPostprocessing = 0;
		};
/* End PBXSourcesBuildPhase section */

/* Begin PBXVariantGroup section */
		8ABD92DB1E800A94001A5988 /* Main.storyboard */ = {
			isa = PBXVariantGroup;
			children = (
				8ABD92DC1E800A94001A5988 /* Base */,
			);
			name = Main.storyboard;
			sourceTree = "<group>";
		};
		8ABD92E01E800A94001A5988 /* LaunchScreen.storyboard */ = {
			isa = PBXVariantGroup;
			children = (
				8ABD92E11E800A94001A5988 /* Base */,
			);
			name = LaunchScreen.storyboard;
			sourceTree = "<group>";
		};
/* End PBXVariantGroup section */

/* Begin XCBuildConfiguration section */
		8ABD92E41E800A94001A5988 /* Debug */ = {
			isa = XCBuildConfiguration;
			buildSettings = {
				ALWAYS_SEARCH_USER_PATHS = NO;
				CLANG_ANALYZER_NONNULL = YES;
				CLANG_CXX_LANGUAGE_STANDARD = "gnu++0x";
				CLANG_CXX_LIBRARY = "libc++";
				CLANG_ENABLE_MODULES = YES;
				CLANG_ENABLE_OBJC_ARC = YES;
				CLANG_WARN_BOOL_CONVERSION = YES;
				CLANG_WARN_CONSTANT_CONVERSION = YES;
				CLANG_WARN_DIRECT_OBJC_ISA_USAGE = YES_ERROR;
				CLANG_WARN_DOCUMENTATION_COMMENTS = YES;
				CLANG_WARN_EMPTY_BODY = YES;
				CLANG_WARN_ENUM_CONVERSION = YES;
				CLANG_WARN_INFINITE_RECURSION = YES;
				CLANG_WARN_INT_CONVERSION = YES;
				CLANG_WARN_OBJC_ROOT_CLASS = YES_ERROR;
				CLANG_WARN_SUSPICIOUS_MOVE = YES;
				CLANG_WARN_UNREACHABLE_CODE = YES;
				CLANG_WARN__DUPLICATE_METHOD_MATCH = YES;
				"CODE_SIGN_IDENTITY[sdk=iphoneos*]" = "iPhone Developer";
				COPY_PHASE_STRIP = NO;
				DEBUG_INFORMATION_FORMAT = dwarf;
				ENABLE_STRICT_OBJC_MSGSEND = YES;
				ENABLE_TESTABILITY = YES;
				GCC_C_LANGUAGE_STANDARD = gnu99;
				GCC_DYNAMIC_NO_PIC = NO;
				GCC_NO_COMMON_BLOCKS = YES;
				GCC_OPTIMIZATION_LEVEL = 0;
				GCC_PREPROCESSOR_DEFINITIONS = (
					"DEBUG=1",
					"$(inherited)",
				);
				GCC_WARN_64_TO_32_BIT_CONVERSION = YES;
				GCC_WARN_ABOUT_RETURN_TYPE = YES_ERROR;
				GCC_WARN_UNDECLARED_SELECTOR = YES;
				GCC_WARN_UNINITIALIZED_AUTOS = YES_AGGRESSIVE;
				GCC_WARN_UNUSED_FUNCTION = YES;
				GCC_WARN_UNUSED_VARIABLE = YES;
				IPHONEOS_DEPLOYMENT_TARGET = 10.2;
				MTL_ENABLE_DEBUG_INFO = YES;
				ONLY_ACTIVE_ARCH = YES;
				SDKROOT = iphoneos;
				SWIFT_ACTIVE_COMPILATION_CONDITIONS = DEBUG;
				SWIFT_OPTIMIZATION_LEVEL = "-Onone";
				TARGETED_DEVICE_FAMILY = "1,2";
			};
			name = Debug;
		};
		8ABD92E51E800A94001A5988 /* Release */ = {
			isa = XCBuildConfiguration;
			buildSettings = {
				ALWAYS_SEARCH_USER_PATHS = NO;
				CLANG_ANALYZER_NONNULL = YES;
				CLANG_CXX_LANGUAGE_STANDARD = "gnu++0x";
				CLANG_CXX_LIBRARY = "libc++";
				CLANG_ENABLE_MODULES = YES;
				CLANG_ENABLE_OBJC_ARC = YES;
				CLANG_WARN_BOOL_CONVERSION = YES;
				CLANG_WARN_CONSTANT_CONVERSION = YES;
				CLANG_WARN_DIRECT_OBJC_ISA_USAGE = YES_ERROR;
				CLANG_WARN_DOCUMENTATION_COMMENTS = YES;
				CLANG_WARN_EMPTY_BODY = YES;
				CLANG_WARN_ENUM_CONVERSION = YES;
				CLANG_WARN_INFINITE_RECURSION = YES;
				CLANG_WARN_INT_CONVERSION = YES;
				CLANG_WARN_OBJC_ROOT_CLASS = YES_ERROR;
				CLANG_WARN_SUSPICIOUS_MOVE = YES;
				CLANG_WARN_UNREACHABLE_CODE = YES;
				CLANG_WARN__DUPLICATE_METHOD_MATCH = YES;
				"CODE_SIGN_IDENTITY[sdk=iphoneos*]" = "iPhone Developer";
				COPY_PHASE_STRIP = NO;
				DEBUG_INFORMATION_FORMAT = "dwarf-with-dsym";
				ENABLE_NS_ASSERTIONS = NO;
				ENABLE_STRICT_OBJC_MSGSEND = YES;
				GCC_C_LANGUAGE_STANDARD = gnu99;
				GCC_NO_COMMON_BLOCKS = YES;
				GCC_WARN_64_TO_32_BIT_CONVERSION = YES;
				GCC_WARN_ABOUT_RETURN_TYPE = YES_ERROR;
				GCC_WARN_UNDECLARED_SELECTOR = YES;
				GCC_WARN_UNINITIALIZED_AUTOS = YES_AGGRESSIVE;
				GCC_WARN_UNUSED_FUNCTION = YES;
				GCC_WARN_UNUSED_VARIABLE = YES;
				IPHONEOS_DEPLOYMENT_TARGET = 10.2;
				MTL_ENABLE_DEBUG_INFO = NO;
				SDKROOT = iphoneos;
				SWIFT_OPTIMIZATION_LEVEL = "-Owholemodule";
				TARGETED_DEVICE_FAMILY = "1,2";
				VALIDATE_PRODUCT = YES;
			};
			name = Release;
		};
		8ABD92E71E800A94001A5988 /* Debug */ = {
			isa = XCBuildConfiguration;
			buildSettings = {
				ASSETCATALOG_COMPILER_APPICON_NAME = AppIcon;
				INFOPLIST_FILE = recipeworld/Info.plist;
				LD_RUNPATH_SEARCH_PATHS = "$(inherited) @executable_path/Frameworks";
				PRODUCT_BUNDLE_IDENTIFIER = edu.mnsu.recipeworld;
				PRODUCT_NAME = "$(TARGET_NAME)";
				SWIFT_VERSION = 3.0;
			};
			name = Debug;
		};
		8ABD92E81E800A94001A5988 /* Release */ = {
			isa = XCBuildConfiguration;
			buildSettings = {
				ASSETCATALOG_COMPILER_APPICON_NAME = AppIcon;
				INFOPLIST_FILE = recipeworld/Info.plist;
				LD_RUNPATH_SEARCH_PATHS = "$(inherited) @executable_path/Frameworks";
				PRODUCT_BUNDLE_IDENTIFIER = edu.mnsu.recipeworld;
				PRODUCT_NAME = "$(TARGET_NAME)";
				SWIFT_VERSION = 3.0;
			};
			name = Release;
		};
/* End XCBuildConfiguration section */

/* Begin XCConfigurationList section */
		8ABD92CF1E800A94001A5988 /* Build configuration list for PBXProject "recipeworld" */ = {
			isa = XCConfigurationList;
			buildConfigurations = (
				8ABD92E41E800A94001A5988 /* Debug */,
				8ABD92E51E800A94001A5988 /* Release */,
			);
			defaultConfigurationIsVisible = 0;
			defaultConfigurationName = Release;
		};
		8ABD92E61E800A94001A5988 /* Build configuration list for PBXNativeTarget "recipeworld" */ = {
			isa = XCConfigurationList;
			buildConfigurations = (
				8ABD92E71E800A94001A5988 /* Debug */,
				8ABD92E81E800A94001A5988 /* Release */,
			);
			defaultConfigurationIsVisible = 0;
			defaultConfigurationName = Release;
		};
/* End XCConfigurationList section */

/* Begin XCVersionGroup section */
		E8D2A9581E895D7100DA943A /* RecipeWorld.xcdatamodeld */ = {
			isa = XCVersionGroup;
			children = (
				E8D2A9591E895D7100DA943A /* RecipeWorld.xcdatamodel */,
			);
			currentVersion = E8D2A9591E895D7100DA943A /* RecipeWorld.xcdatamodel */;
			name = RecipeWorld.xcdatamodeld;
			path = ../RecipeWorld.xcdatamodeld;
			sourceTree = "<group>";
			versionGroupType = wrapper.xcdatamodel;
		};
/* End XCVersionGroup section */
	};
	rootObject = 8ABD92CC1E800A94001A5988 /* Project object */;
}
